// !$*UTF8*$!
{
	archiveVersion = 1;
	classes = {
	};
	objectVersion = 50;
	objects = {

/* Begin PBXBuildFile section */
		F4B9086F227E70C800B7956D /* AppDelegate.swift in Sources */ = {isa = PBXBuildFile; fileRef = F4B9086E227E70C800B7956D /* AppDelegate.swift */; };
		F4B90871227E70C800B7956D /* ScrabbleViewController.swift in Sources */ = {isa = PBXBuildFile; fileRef = F4B90870227E70C800B7956D /* ScrabbleViewController.swift */; };
		F4B90874227E70C800B7956D /* Main.storyboard in Resources */ = {isa = PBXBuildFile; fileRef = F4B90872227E70C800B7956D /* Main.storyboard */; };
		F4B90876227E70CB00B7956D /* Assets.xcassets in Resources */ = {isa = PBXBuildFile; fileRef = F4B90875227E70CB00B7956D /* Assets.xcassets */; };
		F4B90879227E70CB00B7956D /* LaunchScreen.storyboard in Resources */ = {isa = PBXBuildFile; fileRef = F4B90877227E70CB00B7956D /* LaunchScreen.storyboard */; };
		F4B90884227E783300B7956D /* HelperFunctions.swift in Sources */ = {isa = PBXBuildFile; fileRef = F4B90883227E783300B7956D /* HelperFunctions.swift */; };
		F4B9088C227E7AFD00B7956D /* ScrabbleTests.swift in Sources */ = {isa = PBXBuildFile; fileRef = F4B9088B227E7AFD00B7956D /* ScrabbleTests.swift */; };
		F4B90894227E7B7600B7956D /* Scrabble.swift in Sources */ = {isa = PBXBuildFile; fileRef = F4B90893227E7B7600B7956D /* Scrabble.swift */; };
		F4B90896227E809700B7956D /* Constants.swift in Sources */ = {isa = PBXBuildFile; fileRef = F4B90895227E809700B7956D /* Constants.swift */; };
		F4B9089C227E9BAC00B7956D /* Bindings.swift in Sources */ = {isa = PBXBuildFile; fileRef = F4B9089B227E9BAC00B7956D /* Bindings.swift */; };
/* End PBXBuildFile section */

/* Begin PBXContainerItemProxy section */
		F4B9088E227E7AFD00B7956D /* PBXContainerItemProxy */ = {
			isa = PBXContainerItemProxy;
			containerPortal = F4B90863227E70C800B7956D /* Project object */;
			proxyType = 1;
			remoteGlobalIDString = F4B9086A227E70C800B7956D;
			remoteInfo = Scrabble;
		};
/* End PBXContainerItemProxy section */

/* Begin PBXFileReference section */
		F4B9086B227E70C800B7956D /* Scrabble.app */ = {isa = PBXFileReference; explicitFileType = wrapper.application; includeInIndex = 0; path = Scrabble.app; sourceTree = BUILT_PRODUCTS_DIR; };
		F4B9086E227E70C800B7956D /* AppDelegate.swift */ = {isa = PBXFileReference; lastKnownFileType = sourcecode.swift; path = AppDelegate.swift; sourceTree = "<group>"; };
		F4B90870227E70C800B7956D /* ScrabbleViewController.swift */ = {isa = PBXFileReference; lastKnownFileType = sourcecode.swift; path = ScrabbleViewController.swift; sourceTree = "<group>"; };
		F4B90873227E70C800B7956D /* Base */ = {isa = PBXFileReference; lastKnownFileType = file.storyboard; name = Base; path = Base.lproj/Main.storyboard; sourceTree = "<group>"; };
		F4B90875227E70CB00B7956D /* Assets.xcassets */ = {isa = PBXFileReference; lastKnownFileType = folder.assetcatalog; path = Assets.xcassets; sourceTree = "<group>"; };
		F4B90878227E70CB00B7956D /* Base */ = {isa = PBXFileReference; lastKnownFileType = file.storyboard; name = Base; path = Base.lproj/LaunchScreen.storyboard; sourceTree = "<group>"; };
		F4B9087A227E70CB00B7956D /* Info.plist */ = {isa = PBXFileReference; lastKnownFileType = text.plist.xml; path = Info.plist; sourceTree = "<group>"; };
		F4B90883227E783300B7956D /* HelperFunctions.swift */ = {isa = PBXFileReference; lastKnownFileType = sourcecode.swift; path = HelperFunctions.swift; sourceTree = "<group>"; };
		F4B90889227E7AFD00B7956D /* ScrabbleTests.xctest */ = {isa = PBXFileReference; explicitFileType = wrapper.cfbundle; includeInIndex = 0; path = ScrabbleTests.xctest; sourceTree = BUILT_PRODUCTS_DIR; };
		F4B9088B227E7AFD00B7956D /* ScrabbleTests.swift */ = {isa = PBXFileReference; lastKnownFileType = sourcecode.swift; path = ScrabbleTests.swift; sourceTree = "<group>"; };
		F4B9088D227E7AFD00B7956D /* Info.plist */ = {isa = PBXFileReference; lastKnownFileType = text.plist.xml; path = Info.plist; sourceTree = "<group>"; };
		F4B90893227E7B7600B7956D /* Scrabble.swift */ = {isa = PBXFileReference; lastKnownFileType = sourcecode.swift; path = Scrabble.swift; sourceTree = "<group>"; };
		F4B90895227E809700B7956D /* Constants.swift */ = {isa = PBXFileReference; lastKnownFileType = sourcecode.swift; path = Constants.swift; sourceTree = "<group>"; };
		F4B9089B227E9BAC00B7956D /* Bindings.swift */ = {isa = PBXFileReference; lastKnownFileType = sourcecode.swift; path = Bindings.swift; sourceTree = "<group>"; };
/* End PBXFileReference section */

/* Begin PBXFrameworksBuildPhase section */
		F4B90868227E70C800B7956D /* Frameworks */ = {
			isa = PBXFrameworksBuildPhase;
			buildActionMask = 2147483647;
			files = (
			);
			runOnlyForDeploymentPostprocessing = 0;
		};
		F4B90886227E7AFD00B7956D /* Frameworks */ = {
			isa = PBXFrameworksBuildPhase;
			buildActionMask = 2147483647;
			files = (
			);
			runOnlyForDeploymentPostprocessing = 0;
		};
/* End PBXFrameworksBuildPhase section */

/* Begin PBXGroup section */
		F4B90862227E70C800B7956D = {
			isa = PBXGroup;
			children = (
				F4B9086D227E70C800B7956D /* Scrabble */,
				F4B9088A227E7AFD00B7956D /* ScrabbleTests */,
				F4B9086C227E70C800B7956D /* Products */,
			);
			sourceTree = "<group>";
		};
		F4B9086C227E70C800B7956D /* Products */ = {
			isa = PBXGroup;
			children = (
				F4B9086B227E70C800B7956D /* Scrabble.app */,
				F4B90889227E7AFD00B7956D /* ScrabbleTests.xctest */,
			);
			name = Products;
			sourceTree = "<group>";
		};
		F4B9086D227E70C800B7956D /* Scrabble */ = {
			isa = PBXGroup;
			children = (
				F4B9086E227E70C800B7956D /* AppDelegate.swift */,
				F4B9089A227E9B9C00B7956D /* CustomControls */,
				F4B90880227E719500B7956D /* ViewModels */,
				F4B90881227E77FD00B7956D /* ViewControllers */,
				F4B90882227E781500B7956D /* Helpers */,
				F4B90872227E70C800B7956D /* Main.storyboard */,
				F4B90875227E70CB00B7956D /* Assets.xcassets */,
				F4B90877227E70CB00B7956D /* LaunchScreen.storyboard */,
				F4B9087A227E70CB00B7956D /* Info.plist */,
			);
			path = Scrabble;
			sourceTree = "<group>";
		};
		F4B90880227E719500B7956D /* ViewModels */ = {
			isa = PBXGroup;
			children = (
				F4B90893227E7B7600B7956D /* Scrabble.swift */,
			);
			path = ViewModels;
			sourceTree = "<group>";
		};
		F4B90881227E77FD00B7956D /* ViewControllers */ = {
			isa = PBXGroup;
			children = (
				F4B90870227E70C800B7956D /* ScrabbleViewController.swift */,
			);
			path = ViewControllers;
			sourceTree = "<group>";
		};
		F4B90882227E781500B7956D /* Helpers */ = {
			isa = PBXGroup;
			children = (
				F4B90883227E783300B7956D /* HelperFunctions.swift */,
				F4B90895227E809700B7956D /* Constants.swift */,
			);
			path = Helpers;
			sourceTree = "<group>";
		};
		F4B9088A227E7AFD00B7956D /* ScrabbleTests */ = {
			isa = PBXGroup;
			children = (
				F4B9088B227E7AFD00B7956D /* ScrabbleTests.swift */,
				F4B9088D227E7AFD00B7956D /* Info.plist */,
			);
			path = ScrabbleTests;
			sourceTree = "<group>";
		};
		F4B9089A227E9B9C00B7956D /* CustomControls */ = {
			isa = PBXGroup;
			children = (
				F4B9089B227E9BAC00B7956D /* Bindings.swift */,
			);
			path = CustomControls;
			sourceTree = "<group>";
		};
/* End PBXGroup section */

/* Begin PBXNativeTarget section */
		F4B9086A227E70C800B7956D /* Scrabble */ = {
			isa = PBXNativeTarget;
			buildConfigurationList = F4B9087D227E70CB00B7956D /* Build configuration list for PBXNativeTarget "Scrabble" */;
			buildPhases = (
				F4B90867227E70C800B7956D /* Sources */,
				F4B90868227E70C800B7956D /* Frameworks */,
				F4B90869227E70C800B7956D /* Resources */,
			);
			buildRules = (
			);
			dependencies = (
			);
			name = Scrabble;
			productName = Scrabble;
			productReference = F4B9086B227E70C800B7956D /* Scrabble.app */;
			productType = "com.apple.product-type.application";
		};
		F4B90888227E7AFD00B7956D /* ScrabbleTests */ = {
			isa = PBXNativeTarget;
			buildConfigurationList = F4B90890227E7AFD00B7956D /* Build configuration list for PBXNativeTarget "ScrabbleTests" */;
			buildPhases = (
				F4B90885227E7AFD00B7956D /* Sources */,
				F4B90886227E7AFD00B7956D /* Frameworks */,
				F4B90887227E7AFD00B7956D /* Resources */,
			);
			buildRules = (
			);
			dependencies = (
				F4B9088F227E7AFD00B7956D /* PBXTargetDependency */,
			);
			name = ScrabbleTests;
			productName = ScrabbleTests;
			productReference = F4B90889227E7AFD00B7956D /* ScrabbleTests.xctest */;
			productType = "com.apple.product-type.bundle.unit-test";
		};
/* End PBXNativeTarget section */

/* Begin PBXProject section */
		F4B90863227E70C800B7956D /* Project object */ = {
			isa = PBXProject;
			attributes = {
				LastSwiftUpdateCheck = 1010;
				LastUpgradeCheck = 1010;
				ORGANIZATIONNAME = "Julio C. Aguilar";
				TargetAttributes = {
					F4B9086A227E70C800B7956D = {
						CreatedOnToolsVersion = 10.1;
					};
					F4B90888227E7AFD00B7956D = {
						CreatedOnToolsVersion = 10.1;
						TestTargetID = F4B9086A227E70C800B7956D;
					};
				};
			};
			buildConfigurationList = F4B90866227E70C800B7956D /* Build configuration list for PBXProject "Scrabble" */;
			compatibilityVersion = "Xcode 9.3";
			developmentRegion = en;
			hasScannedForEncodings = 0;
			knownRegions = (
				en,
				Base,
			);
			mainGroup = F4B90862227E70C800B7956D;
			productRefGroup = F4B9086C227E70C800B7956D /* Products */;
			projectDirPath = "";
			projectRoot = "";
			targets = (
				F4B9086A227E70C800B7956D /* Scrabble */,
				F4B90888227E7AFD00B7956D /* ScrabbleTests */,
			);
		};
/* End PBXProject section */

/* Begin PBXResourcesBuildPhase section */
		F4B90869227E70C800B7956D /* Resources */ = {
			isa = PBXResourcesBuildPhase;
			buildActionMask = 2147483647;
			files = (
				F4B90879227E70CB00B7956D /* LaunchScreen.storyboard in Resources */,
				F4B90876227E70CB00B7956D /* Assets.xcassets in Resources */,
				F4B90874227E70C800B7956D /* Main.storyboard in Resources */,
			);
			runOnlyForDeploymentPostprocessing = 0;
		};
		F4B90887227E7AFD00B7956D /* Resources */ = {
			isa = PBXResourcesBuildPhase;
			buildActionMask = 2147483647;
			files = (
			);
			runOnlyForDeploymentPostprocessing = 0;
		};
/* End PBXResourcesBuildPhase section */

/* Begin PBXSourcesBuildPhase section */
		F4B90867227E70C800B7956D /* Sources */ = {
			isa = PBXSourcesBuildPhase;
			buildActionMask = 2147483647;
			files = (
				F4B90896227E809700B7956D /* Constants.swift in Sources */,
				F4B90871227E70C800B7956D /* ScrabbleViewController.swift in Sources */,
				F4B9086F227E70C800B7956D /* AppDelegate.swift in Sources */,
				F4B90884227E783300B7956D /* HelperFunctions.swift in Sources */,
				F4B90894227E7B7600B7956D /* Scrabble.swift in Sources */,
				F4B9089C227E9BAC00B7956D /* Bindings.swift in Sources */,
			);
			runOnlyForDeploymentPostprocessing = 0;
		};
		F4B90885227E7AFD00B7956D /* Sources */ = {
			isa = PBXSourcesBuildPhase;
			buildActionMask = 2147483647;
			files = (
				F4B9088C227E7AFD00B7956D /* ScrabbleTests.swift in Sources */,
			);
			runOnlyForDeploymentPostprocessing = 0;
		};
/* End PBXSourcesBuildPhase section */

/* Begin PBXTargetDependency section */
		F4B9088F227E7AFD00B7956D /* PBXTargetDependency */ = {
			isa = PBXTargetDependency;
			target = F4B9086A227E70C800B7956D /* Scrabble */;
			targetProxy = F4B9088E227E7AFD00B7956D /* PBXContainerItemProxy */;
		};
/* End PBXTargetDependency section */

/* Begin PBXVariantGroup section */
		F4B90872227E70C800B7956D /* Main.storyboard */ = {
			isa = PBXVariantGroup;
			children = (
				F4B90873227E70C800B7956D /* Base */,
			);
			name = Main.storyboard;
			sourceTree = "<group>";
		};
		F4B90877227E70CB00B7956D /* LaunchScreen.storyboard */ = {
			isa = PBXVariantGroup;
			children = (
				F4B90878227E70CB00B7956D /* Base */,
			);
			name = LaunchScreen.storyboard;
			sourceTree = "<group>";
		};
/* End PBXVariantGroup section */

/* Begin XCBuildConfiguration section */
		F4B9087B227E70CB00B7956D /* Debug */ = {
			isa = XCBuildConfiguration;
			buildSettings = {
				ALWAYS_SEARCH_USER_PATHS = NO;
				CLANG_ANALYZER_NONNULL = YES;
				CLANG_ANALYZER_NUMBER_OBJECT_CONVERSION = YES_AGGRESSIVE;
				CLANG_CXX_LANGUAGE_STANDARD = "gnu++14";
				CLANG_CXX_LIBRARY = "libc++";
				CLANG_ENABLE_MODULES = YES;
				CLANG_ENABLE_OBJC_ARC = YES;
				CLANG_ENABLE_OBJC_WEAK = YES;
				CLANG_WARN_BLOCK_CAPTURE_AUTORELEASING = YES;
				CLANG_WARN_BOOL_CONVERSION = YES;
				CLANG_WARN_COMMA = YES;
				CLANG_WARN_CONSTANT_CONVERSION = YES;
				CLANG_WARN_DEPRECATED_OBJC_IMPLEMENTATIONS = YES;
				CLANG_WARN_DIRECT_OBJC_ISA_USAGE = YES_ERROR;
				CLANG_WARN_DOCUMENTATION_COMMENTS = YES;
				CLANG_WARN_EMPTY_BODY = YES;
				CLANG_WARN_ENUM_CONVERSION = YES;
				CLANG_WARN_INFINITE_RECURSION = YES;
				CLANG_WARN_INT_CONVERSION = YES;
				CLANG_WARN_NON_LITERAL_NULL_CONVERSION = YES;
				CLANG_WARN_OBJC_IMPLICIT_RETAIN_SELF = YES;
				CLANG_WARN_OBJC_LITERAL_CONVERSION = YES;
				CLANG_WARN_OBJC_ROOT_CLASS = YES_ERROR;
				CLANG_WARN_RANGE_LOOP_ANALYSIS = YES;
				CLANG_WARN_STRICT_PROTOTYPES = YES;
				CLANG_WARN_SUSPICIOUS_MOVE = YES;
				CLANG_WARN_UNGUARDED_AVAILABILITY = YES_AGGRESSIVE;
				CLANG_WARN_UNREACHABLE_CODE = YES;
				CLANG_WARN__DUPLICATE_METHOD_MATCH = YES;
				CODE_SIGN_IDENTITY = "iPhone Developer";
				COPY_PHASE_STRIP = NO;
				DEBUG_INFORMATION_FORMAT = dwarf;
				ENABLE_STRICT_OBJC_MSGSEND = YES;
				ENABLE_TESTABILITY = YES;
				GCC_C_LANGUAGE_STANDARD = gnu11;
				GCC_DYNAMIC_NO_PIC = NO;
				GCC_NO_COMMON_BLOCKS = YES;
				GCC_OPTIMIZATION_LEVEL = 0;
				GCC_PREPROCESSOR_DEFINITIONS = (
					"DEBUG=1",
					"$(inherited)",
				);
				GCC_WARN_64_TO_32_BIT_CONVERSION = YES;
				GCC_WARN_ABOUT_RETURN_TYPE = YES_ERROR;
				GCC_WARN_UNDECLARED_SELECTOR = YES;
				GCC_WARN_UNINITIALIZED_AUTOS = YES_AGGRESSIVE;
				GCC_WARN_UNUSED_FUNCTION = YES;
				GCC_WARN_UNUSED_VARIABLE = YES;
				IPHONEOS_DEPLOYMENT_TARGET = 12.1;
				MTL_ENABLE_DEBUG_INFO = INCLUDE_SOURCE;
				MTL_FAST_MATH = YES;
				ONLY_ACTIVE_ARCH = YES;
				SDKROOT = iphoneos;
				SWIFT_ACTIVE_COMPILATION_CONDITIONS = DEBUG;
				SWIFT_OPTIMIZATION_LEVEL = "-Onone";
			};
			name = Debug;
		};
		F4B9087C227E70CB00B7956D /* Release */ = {
			isa = XCBuildConfiguration;
			buildSettings = {
				ALWAYS_SEARCH_USER_PATHS = NO;
				CLANG_ANALYZER_NONNULL = YES;
				CLANG_ANALYZER_NUMBER_OBJECT_CONVERSION = YES_AGGRESSIVE;
				CLANG_CXX_LANGUAGE_STANDARD = "gnu++14";
				CLANG_CXX_LIBRARY = "libc++";
				CLANG_ENABLE_MODULES = YES;
				CLANG_ENABLE_OBJC_ARC = YES;
				CLANG_ENABLE_OBJC_WEAK = YES;
				CLANG_WARN_BLOCK_CAPTURE_AUTORELEASING = YES;
				CLANG_WARN_BOOL_CONVERSION = YES;
				CLANG_WARN_COMMA = YES;
				CLANG_WARN_CONSTANT_CONVERSION = YES;
				CLANG_WARN_DEPRECATED_OBJC_IMPLEMENTATIONS = YES;
				CLANG_WARN_DIRECT_OBJC_ISA_USAGE = YES_ERROR;
				CLANG_WARN_DOCUMENTATION_COMMENTS = YES;
				CLANG_WARN_EMPTY_BODY = YES;
				CLANG_WARN_ENUM_CONVERSION = YES;
				CLANG_WARN_INFINITE_RECURSION = YES;
				CLANG_WARN_INT_CONVERSION = YES;
				CLANG_WARN_NON_LITERAL_NULL_CONVERSION = YES;
				CLANG_WARN_OBJC_IMPLICIT_RETAIN_SELF = YES;
				CLANG_WARN_OBJC_LITERAL_CONVERSION = YES;
				CLANG_WARN_OBJC_ROOT_CLASS = YES_ERROR;
				CLANG_WARN_RANGE_LOOP_ANALYSIS = YES;
				CLANG_WARN_STRICT_PROTOTYPES = YES;
				CLANG_WARN_SUSPICIOUS_MOVE = YES;
				CLANG_WARN_UNGUARDED_AVAILABILITY = YES_AGGRESSIVE;
				CLANG_WARN_UNREACHABLE_CODE = YES;
				CLANG_WARN__DUPLICATE_METHOD_MATCH = YES;
				CODE_SIGN_IDENTITY = "iPhone Developer";
				COPY_PHASE_STRIP = NO;
				DEBUG_INFORMATION_FORMAT = "dwarf-with-dsym";
				ENABLE_NS_ASSERTIONS = NO;
				ENABLE_STRICT_OBJC_MSGSEND = YES;
				GCC_C_LANGUAGE_STANDARD = gnu11;
				GCC_NO_COMMON_BLOCKS = YES;
				GCC_WARN_64_TO_32_BIT_CONVERSION = YES;
				GCC_WARN_ABOUT_RETURN_TYPE = YES_ERROR;
				GCC_WARN_UNDECLARED_SELECTOR = YES;
				GCC_WARN_UNINITIALIZED_AUTOS = YES_AGGRESSIVE;
				GCC_WARN_UNUSED_FUNCTION = YES;
				GCC_WARN_UNUSED_VARIABLE = YES;
				IPHONEOS_DEPLOYMENT_TARGET = 12.1;
				MTL_ENABLE_DEBUG_INFO = NO;
				MTL_FAST_MATH = YES;
				SDKROOT = iphoneos;
				SWIFT_COMPILATION_MODE = wholemodule;
				SWIFT_OPTIMIZATION_LEVEL = "-O";
				VALIDATE_PRODUCT = YES;
			};
			name = Release;
		};
		F4B9087E227E70CB00B7956D /* Debug */ = {
			isa = XCBuildConfiguration;
			buildSettings = {
				ASSETCATALOG_COMPILER_APPICON_NAME = AppIcon;
				CODE_SIGN_STYLE = Automatic;
				DEVELOPMENT_TEAM = YJZT2TBU7K;
				INFOPLIST_FILE = Scrabble/Info.plist;
				LD_RUNPATH_SEARCH_PATHS = (
					"$(inherited)",
					"@executable_path/Frameworks",
				);
				PRODUCT_BUNDLE_IDENTIFIER = com.juliocesar.Scrabble;
				PRODUCT_NAME = "$(TARGET_NAME)";
				SWIFT_VERSION = 4.2;
				TARGETED_DEVICE_FAMILY = "1,2";
			};
			name = Debug;
		};
		F4B9087F227E70CB00B7956D /* Release */ = {
			isa = XCBuildConfiguration;
			buildSettings = {
				ASSETCATALOG_COMPILER_APPICON_NAME = AppIcon;
				CODE_SIGN_STYLE = Automatic;
				DEVELOPMENT_TEAM = YJZT2TBU7K;
				INFOPLIST_FILE = Scrabble/Info.plist;
				LD_RUNPATH_SEARCH_PATHS = (
					"$(inherited)",
					"@executable_path/Frameworks",
				);
				PRODUCT_BUNDLE_IDENTIFIER = com.juliocesar.Scrabble;
				PRODUCT_NAME = "$(TARGET_NAME)";
				SWIFT_VERSION = 4.2;
				TARGETED_DEVICE_FAMILY = "1,2";
			};
			name = Release;
		};
		F4B90891227E7AFD00B7956D /* Debug */ = {
			isa = XCBuildConfiguration;
			buildSettings = {
				BUNDLE_LOADER = "$(TEST_HOST)";
				CODE_SIGN_STYLE = Automatic;
				INFOPLIST_FILE = ScrabbleTests/Info.plist;
				LD_RUNPATH_SEARCH_PATHS = (
					"$(inherited)",
					"@executable_path/Frameworks",
					"@loader_path/Frameworks",
				);
				PRODUCT_BUNDLE_IDENTIFIER = com.juliocesar.ScrabbleTests;
				PRODUCT_NAME = "$(TARGET_NAME)";
				SWIFT_VERSION = 4.2;
				TARGETED_DEVICE_FAMILY = "1,2";
				TEST_HOST = "$(BUILT_PRODUCTS_DIR)/Scrabble.app/Scrabble";
			};
			name = Debug;
		};
		F4B90892227E7AFD00B7956D /* Release */ = {
			isa = XCBuildConfiguration;
			buildSettings = {
				BUNDLE_LOADER = "$(TEST_HOST)";
				CODE_SIGN_STYLE = Automatic;
				INFOPLIST_FILE = ScrabbleTests/Info.plist;
				LD_RUNPATH_SEARCH_PATHS = (
					"$(inherited)",
					"@executable_path/Frameworks",
					"@loader_path/Frameworks",
				);
				PRODUCT_BUNDLE_IDENTIFIER = com.juliocesar.ScrabbleTests;
				PRODUCT_NAME = "$(TARGET_NAME)";
				SWIFT_VERSION = 4.2;
				TARGETED_DEVICE_FAMILY = "1,2";
				TEST_HOST = "$(BUILT_PRODUCTS_DIR)/Scrabble.app/Scrabble";
			};
			name = Release;
		};
/* End XCBuildConfiguration section */

/* Begin XCConfigurationList section */
		F4B90866227E70C800B7956D /* Build configuration list for PBXProject "Scrabble" */ = {
			isa = XCConfigurationList;
			buildConfigurations = (
				F4B9087B227E70CB00B7956D /* Debug */,
				F4B9087C227E70CB00B7956D /* Release */,
			);
			defaultConfigurationIsVisible = 0;
			defaultConfigurationName = Release;
		};
		F4B9087D227E70CB00B7956D /* Build configuration list for PBXNativeTarget "Scrabble" */ = {
			isa = XCConfigurationList;
			buildConfigurations = (
				F4B9087E227E70CB00B7956D /* Debug */,
				F4B9087F227E70CB00B7956D /* Release */,
			);
			defaultConfigurationIsVisible = 0;
			defaultConfigurationName = Release;
		};
		F4B90890227E7AFD00B7956D /* Build configuration list for PBXNativeTarget "ScrabbleTests" */ = {
			isa = XCConfigurationList;
			buildConfigurations = (
				F4B90891227E7AFD00B7956D /* Debug */,
				F4B90892227E7AFD00B7956D /* Release */,
			);
			defaultConfigurationIsVisible = 0;
			defaultConfigurationName = Release;
		};
/* End XCConfigurationList section */
	};
	rootObject = F4B90863227E70C800B7956D /* Project object */;
}
